
Microsoft Visual Studio Solution File, Format Version 12.00
# Visual Studio 15
VisualStudioVersion = 15.0.28307.902
MinimumVisualStudioVersion = 10.0.40219.1
Project("{FAE04EC0-301F-11D3-BF4B-00C04F79EFBC}") = "Maintain Student Scores II returns", "Maintain Student Scores II returns\Maintain Student Scores II returns.csproj", "{2CC91BBF-6E25-4354-9A09-17180761911F}"
EndProject
Global
	GlobalSection(SolutionConfigurationPlatforms) = preSolution
		Debug|Any CPU = Debug|Any CPU
		Release|Any CPU = Release|Any CPU
	EndGlobalSection
	GlobalSection(ProjectConfigurationPlatforms) = postSolution
		{2CC91BBF-6E25-4354-9A09-17180761911F}.Debug|Any CPU.ActiveCfg = Debug|Any CPU
		{2CC91BBF-6E25-4354-9A09-17180761911F}.Debug|Any CPU.Build.0 = Debug|Any CPU
		{2CC91BBF-6E25-4354-9A09-17180761911F}.Release|Any CPU.ActiveCfg = Release|Any CPU
		{2CC91BBF-6E25-4354-9A09-17180761911F}.Release|Any CPU.Build.0 = Release|Any CPU
	EndGlobalSection
	GlobalSection(SolutionProperties) = preSolution
		HideSolutionNode = FALSE
	EndGlobalSection
	GlobalSection(ExtensibilityGlobals) = postSolution
		SolutionGuid = {D44456D0-3A95-40D8-9E19-71984EB03DD9}
	EndGlobalSection
EndGlobal
